// !$*UTF8*$!
{
	archiveVersion = 1;
	classes = {
	};
	objectVersion = 50;
	objects = {

/* Begin PBXBuildFile section */
		37A04E97230F92B200B5C6EA /* SignInViewController.swift in Sources */ = {isa = PBXBuildFile; fileRef = 37A04E96230F92B200B5C6EA /* SignInViewController.swift */; };
		37A04E99230F92C300B5C6EA /* SignUpViewController.swift in Sources */ = {isa = PBXBuildFile; fileRef = 37A04E98230F92C300B5C6EA /* SignUpViewController.swift */; };
		D61219D823177F21009D7BED /* AppearanceHelper.swift in Sources */ = {isa = PBXBuildFile; fileRef = D61219D723177F21009D7BED /* AppearanceHelper.swift */; };
		D67D9A11230CF5A900DF9C0C /* AppDelegate.swift in Sources */ = {isa = PBXBuildFile; fileRef = D67D9A10230CF5A900DF9C0C /* AppDelegate.swift */; };
		D67D9A16230CF5A900DF9C0C /* Main.storyboard in Resources */ = {isa = PBXBuildFile; fileRef = D67D9A14230CF5A900DF9C0C /* Main.storyboard */; };
		D67D9A18230CF5AA00DF9C0C /* Assets.xcassets in Resources */ = {isa = PBXBuildFile; fileRef = D67D9A17230CF5AA00DF9C0C /* Assets.xcassets */; };
		D67D9A1B230CF5AA00DF9C0C /* LaunchScreen.storyboard in Resources */ = {isa = PBXBuildFile; fileRef = D67D9A19230CF5AA00DF9C0C /* LaunchScreen.storyboard */; };
		D68FA2252314BA5C00B5A909 /* Item.swift in Sources */ = {isa = PBXBuildFile; fileRef = D68FA2242314BA5C00B5A909 /* Item.swift */; };
		D68FA2272314E4BB00B5A909 /* Users.swift in Sources */ = {isa = PBXBuildFile; fileRef = D68FA2262314E4BB00B5A909 /* Users.swift */; };
		D68FA2292314E4F600B5A909 /* Items.swift in Sources */ = {isa = PBXBuildFile; fileRef = D68FA2282314E4F600B5A909 /* Items.swift */; };
		D68FA22B2314E54D00B5A909 /* Posts.swift in Sources */ = {isa = PBXBuildFile; fileRef = D68FA22A2314E54D00B5A909 /* Posts.swift */; };
		D68FA22D2314E56100B5A909 /* Post.swift in Sources */ = {isa = PBXBuildFile; fileRef = D68FA22C2314E56100B5A909 /* Post.swift */; };
		D68FA22F2314E5CC00B5A909 /* Images.swift in Sources */ = {isa = PBXBuildFile; fileRef = D68FA22E2314E5CC00B5A909 /* Images.swift */; };
		D68FA2312314E5DE00B5A909 /* Image.swift in Sources */ = {isa = PBXBuildFile; fileRef = D68FA2302314E5DE00B5A909 /* Image.swift */; };
		D68FA23323161A9700B5A909 /* BucketListTableViewController.swift in Sources */ = {isa = PBXBuildFile; fileRef = D68FA23223161A9700B5A909 /* BucketListTableViewController.swift */; };
		D68FA23523161AD900B5A909 /* BucketListPostTableViewController.swift in Sources */ = {isa = PBXBuildFile; fileRef = D68FA23423161AD900B5A909 /* BucketListPostTableViewController.swift */; };
		D68FA23723161B0B00B5A909 /* PostImagesCollectionViewController.swift in Sources */ = {isa = PBXBuildFile; fileRef = D68FA23623161B0B00B5A909 /* PostImagesCollectionViewController.swift */; };
		D68FA23A23161B3200B5A909 /* PostImages.storyboard in Resources */ = {isa = PBXBuildFile; fileRef = D68FA23823161B3200B5A909 /* PostImages.storyboard */; };
		D68FA23C23161B7E00B5A909 /* BucketListPosts.storyboard in Resources */ = {isa = PBXBuildFile; fileRef = D68FA23B23161B7E00B5A909 /* BucketListPosts.storyboard */; };
		D68FA23E2316213200B5A909 /* TripTableViewCell.swift in Sources */ = {isa = PBXBuildFile; fileRef = D68FA23D2316213200B5A909 /* TripTableViewCell.swift */; };
		D68FA241231623CA00B5A909 /* TripTableViewCellDelegate.swift in Sources */ = {isa = PBXBuildFile; fileRef = D68FA240231623CA00B5A909 /* TripTableViewCellDelegate.swift */; };
		D68FA24323175B8C00B5A909 /* UserResponse.swift in Sources */ = {isa = PBXBuildFile; fileRef = D68FA24223175B8C00B5A909 /* UserResponse.swift */; };
		D68FA24523175BB600B5A909 /* ItemResponse.swift in Sources */ = {isa = PBXBuildFile; fileRef = D68FA24423175BB600B5A909 /* ItemResponse.swift */; };
		D68FA24723175BD800B5A909 /* PostResponse.swift in Sources */ = {isa = PBXBuildFile; fileRef = D68FA24623175BD800B5A909 /* PostResponse.swift */; };
		D68FA24923175BF300B5A909 /* ImageResponse.swift in Sources */ = {isa = PBXBuildFile; fileRef = D68FA24823175BF300B5A909 /* ImageResponse.swift */; };
		D68FA24B23175E8900B5A909 /* SourceSansPro-Regular.ttf in Resources */ = {isa = PBXBuildFile; fileRef = D68FA24A23175E8900B5A909 /* SourceSansPro-Regular.ttf */; };
		D6AFBA26230F773900C86174 /* BucketListClient.swift in Sources */ = {isa = PBXBuildFile; fileRef = D6AFBA25230F773900C86174 /* BucketListClient.swift */; };
		D6AFBA31230F87BE00C86174 /* Token.swift in Sources */ = {isa = PBXBuildFile; fileRef = D6AFBA30230F87BE00C86174 /* Token.swift */; };
		D6AFBA33230F8D3600C86174 /* User.swift in Sources */ = {isa = PBXBuildFile; fileRef = D6AFBA32230F8D3600C86174 /* User.swift */; };
		D6AFBA382311B4A900C86174 /* SignIn.storyboard in Resources */ = {isa = PBXBuildFile; fileRef = D6AFBA362311B4A900C86174 /* SignIn.storyboard */; };
		D6AFBA3A2311B4C300C86174 /* SignUp.storyboard in Resources */ = {isa = PBXBuildFile; fileRef = D6AFBA392311B4C300C86174 /* SignUp.storyboard */; };
/* End PBXBuildFile section */

/* Begin PBXFileReference section */
		37A04E96230F92B200B5C6EA /* SignInViewController.swift */ = {isa = PBXFileReference; lastKnownFileType = sourcecode.swift; path = SignInViewController.swift; sourceTree = "<group>"; };
		37A04E98230F92C300B5C6EA /* SignUpViewController.swift */ = {isa = PBXFileReference; lastKnownFileType = sourcecode.swift; path = SignUpViewController.swift; sourceTree = "<group>"; };
		D61219D723177F21009D7BED /* AppearanceHelper.swift */ = {isa = PBXFileReference; lastKnownFileType = sourcecode.swift; path = AppearanceHelper.swift; sourceTree = "<group>"; };
		D67D9A0D230CF5A900DF9C0C /* LambdaBucketList.app */ = {isa = PBXFileReference; explicitFileType = wrapper.application; includeInIndex = 0; path = LambdaBucketList.app; sourceTree = BUILT_PRODUCTS_DIR; };
		D67D9A10230CF5A900DF9C0C /* AppDelegate.swift */ = {isa = PBXFileReference; lastKnownFileType = sourcecode.swift; path = AppDelegate.swift; sourceTree = "<group>"; };
		D67D9A15230CF5A900DF9C0C /* Base */ = {isa = PBXFileReference; lastKnownFileType = file.storyboard; name = Base; path = Base.lproj/Main.storyboard; sourceTree = "<group>"; };
		D67D9A17230CF5AA00DF9C0C /* Assets.xcassets */ = {isa = PBXFileReference; lastKnownFileType = folder.assetcatalog; path = Assets.xcassets; sourceTree = "<group>"; };
		D67D9A1A230CF5AA00DF9C0C /* Base */ = {isa = PBXFileReference; lastKnownFileType = file.storyboard; name = Base; path = Base.lproj/LaunchScreen.storyboard; sourceTree = "<group>"; };
		D67D9A1C230CF5AA00DF9C0C /* Info.plist */ = {isa = PBXFileReference; lastKnownFileType = text.plist.xml; path = Info.plist; sourceTree = "<group>"; };
		D68FA2242314BA5C00B5A909 /* Item.swift */ = {isa = PBXFileReference; lastKnownFileType = sourcecode.swift; path = Item.swift; sourceTree = "<group>"; };
		D68FA2262314E4BB00B5A909 /* Users.swift */ = {isa = PBXFileReference; lastKnownFileType = sourcecode.swift; path = Users.swift; sourceTree = "<group>"; };
		D68FA2282314E4F600B5A909 /* Items.swift */ = {isa = PBXFileReference; lastKnownFileType = sourcecode.swift; path = Items.swift; sourceTree = "<group>"; };
		D68FA22A2314E54D00B5A909 /* Posts.swift */ = {isa = PBXFileReference; lastKnownFileType = sourcecode.swift; path = Posts.swift; sourceTree = "<group>"; };
		D68FA22C2314E56100B5A909 /* Post.swift */ = {isa = PBXFileReference; lastKnownFileType = sourcecode.swift; path = Post.swift; sourceTree = "<group>"; };
		D68FA22E2314E5CC00B5A909 /* Images.swift */ = {isa = PBXFileReference; lastKnownFileType = sourcecode.swift; path = Images.swift; sourceTree = "<group>"; };
		D68FA2302314E5DE00B5A909 /* Image.swift */ = {isa = PBXFileReference; lastKnownFileType = sourcecode.swift; path = Image.swift; sourceTree = "<group>"; };
		D68FA23223161A9700B5A909 /* BucketListTableViewController.swift */ = {isa = PBXFileReference; lastKnownFileType = sourcecode.swift; path = BucketListTableViewController.swift; sourceTree = "<group>"; };
		D68FA23423161AD900B5A909 /* BucketListPostTableViewController.swift */ = {isa = PBXFileReference; lastKnownFileType = sourcecode.swift; path = BucketListPostTableViewController.swift; sourceTree = "<group>"; };
		D68FA23623161B0B00B5A909 /* PostImagesCollectionViewController.swift */ = {isa = PBXFileReference; lastKnownFileType = sourcecode.swift; path = PostImagesCollectionViewController.swift; sourceTree = "<group>"; };
		D68FA23923161B3200B5A909 /* Base */ = {isa = PBXFileReference; lastKnownFileType = file.storyboard; name = Base; path = "Bucket List/Storyboards/Base.lproj/PostImages.storyboard"; sourceTree = "<group>"; };
		D68FA23B23161B7E00B5A909 /* BucketListPosts.storyboard */ = {isa = PBXFileReference; fileEncoding = 4; lastKnownFileType = file.storyboard; path = BucketListPosts.storyboard; sourceTree = "<group>"; };
		D68FA23D2316213200B5A909 /* TripTableViewCell.swift */ = {isa = PBXFileReference; lastKnownFileType = sourcecode.swift; path = TripTableViewCell.swift; sourceTree = "<group>"; };
		D68FA240231623CA00B5A909 /* TripTableViewCellDelegate.swift */ = {isa = PBXFileReference; lastKnownFileType = sourcecode.swift; path = TripTableViewCellDelegate.swift; sourceTree = "<group>"; };
		D68FA24223175B8C00B5A909 /* UserResponse.swift */ = {isa = PBXFileReference; lastKnownFileType = sourcecode.swift; path = UserResponse.swift; sourceTree = "<group>"; };
		D68FA24423175BB600B5A909 /* ItemResponse.swift */ = {isa = PBXFileReference; lastKnownFileType = sourcecode.swift; path = ItemResponse.swift; sourceTree = "<group>"; };
		D68FA24623175BD800B5A909 /* PostResponse.swift */ = {isa = PBXFileReference; lastKnownFileType = sourcecode.swift; path = PostResponse.swift; sourceTree = "<group>"; };
		D68FA24823175BF300B5A909 /* ImageResponse.swift */ = {isa = PBXFileReference; lastKnownFileType = sourcecode.swift; path = ImageResponse.swift; sourceTree = "<group>"; };
		D68FA24A23175E8900B5A909 /* SourceSansPro-Regular.ttf */ = {isa = PBXFileReference; lastKnownFileType = file; path = "SourceSansPro-Regular.ttf"; sourceTree = "<group>"; };
		D6AFBA25230F773900C86174 /* BucketListClient.swift */ = {isa = PBXFileReference; lastKnownFileType = sourcecode.swift; path = BucketListClient.swift; sourceTree = "<group>"; };
		D6AFBA30230F87BE00C86174 /* Token.swift */ = {isa = PBXFileReference; lastKnownFileType = sourcecode.swift; path = Token.swift; sourceTree = "<group>"; };
		D6AFBA32230F8D3600C86174 /* User.swift */ = {isa = PBXFileReference; lastKnownFileType = sourcecode.swift; path = User.swift; sourceTree = "<group>"; };
		D6AFBA372311B4A900C86174 /* Base */ = {isa = PBXFileReference; lastKnownFileType = file.storyboard; name = Base; path = "Bucket List/Storyboards/Base.lproj/SignIn.storyboard"; sourceTree = "<group>"; };
		D6AFBA392311B4C300C86174 /* SignUp.storyboard */ = {isa = PBXFileReference; fileEncoding = 4; lastKnownFileType = file.storyboard; path = SignUp.storyboard; sourceTree = "<group>"; };
/* End PBXFileReference section */

/* Begin PBXFrameworksBuildPhase section */
		D67D9A0A230CF5A900DF9C0C /* Frameworks */ = {
			isa = PBXFrameworksBuildPhase;
			buildActionMask = 2147483647;
			files = (
			);
			runOnlyForDeploymentPostprocessing = 0;
		};
/* End PBXFrameworksBuildPhase section */

/* Begin PBXGroup section */
		37A04E8D230E3D0C00B5C6EA /* Views */ = {
			isa = PBXGroup;
			children = (
				D68FA23D2316213200B5A909 /* TripTableViewCell.swift */,
			);
			path = Views;
			sourceTree = "<group>";
		};
		D61219D623177F0D009D7BED /* Helpers */ = {
			isa = PBXGroup;
			children = (
				D61219D723177F21009D7BED /* AppearanceHelper.swift */,
			);
			path = Helpers;
			sourceTree = "<group>";
		};
		D67D9A04230CF5A900DF9C0C = {
			isa = PBXGroup;
			children = (
				D67D9A0F230CF5A900DF9C0C /* Bucket List */,
				D67D9A0E230CF5A900DF9C0C /* Products */,
			);
			sourceTree = "<group>";
		};
		D67D9A0E230CF5A900DF9C0C /* Products */ = {
			isa = PBXGroup;
			children = (
				D67D9A0D230CF5A900DF9C0C /* LambdaBucketList.app */,
			);
			name = Products;
			sourceTree = "<group>";
		};
		D67D9A0F230CF5A900DF9C0C /* Bucket List */ = {
			isa = PBXGroup;
			children = (
				D67D9A10230CF5A900DF9C0C /* AppDelegate.swift */,
				D67D9A25230CF5F800DF9C0C /* Models */,
				D68FA23F231623A900B5A909 /* Model Controllers */,
				D6AFBA24230F73E200C86174 /* Networking */,
				37A04E8D230E3D0C00B5C6EA /* Views */,
				D67D9A24230CF5DD00DF9C0C /* View Controllers */,
				D67D9A23230CF5D500DF9C0C /* Storyboards */,
				D61219D623177F0D009D7BED /* Helpers */,
				D67D9A22230CF5C700DF9C0C /* Resources */,
			);
			path = "Bucket List";
			sourceTree = "<group>";
		};
		D67D9A22230CF5C700DF9C0C /* Resources */ = {
			isa = PBXGroup;
			children = (
				D68FA24A23175E8900B5A909 /* SourceSansPro-Regular.ttf */,
				D67D9A17230CF5AA00DF9C0C /* Assets.xcassets */,
				D67D9A1C230CF5AA00DF9C0C /* Info.plist */,
			);
			path = Resources;
			sourceTree = "<group>";
		};
		D67D9A23230CF5D500DF9C0C /* Storyboards */ = {
			isa = PBXGroup;
			children = (
				D6AFBA392311B4C300C86174 /* SignUp.storyboard */,
				D6AFBA362311B4A900C86174 /* SignIn.storyboard */,
				D67D9A14230CF5A900DF9C0C /* Main.storyboard */,
				D68FA23B23161B7E00B5A909 /* BucketListPosts.storyboard */,
				D68FA23823161B3200B5A909 /* PostImages.storyboard */,
				D67D9A19230CF5AA00DF9C0C /* LaunchScreen.storyboard */,
			);
			path = Storyboards;
			sourceTree = "<group>";
		};
		D67D9A24230CF5DD00DF9C0C /* View Controllers */ = {
			isa = PBXGroup;
			children = (
				D68FA23223161A9700B5A909 /* BucketListTableViewController.swift */,
				D68FA23423161AD900B5A909 /* BucketListPostTableViewController.swift */,
				D68FA23623161B0B00B5A909 /* PostImagesCollectionViewController.swift */,
				37A04E96230F92B200B5C6EA /* SignInViewController.swift */,
				37A04E98230F92C300B5C6EA /* SignUpViewController.swift */,
			);
			path = "View Controllers";
			sourceTree = "<group>";
		};
		D67D9A25230CF5F800DF9C0C /* Models */ = {
			isa = PBXGroup;
			children = (
				D6AFBA30230F87BE00C86174 /* Token.swift */,
				D68FA2262314E4BB00B5A909 /* Users.swift */,
				D68FA24223175B8C00B5A909 /* UserResponse.swift */,
				D6AFBA32230F8D3600C86174 /* User.swift */,
				D68FA2282314E4F600B5A909 /* Items.swift */,
				D68FA24423175BB600B5A909 /* ItemResponse.swift */,
				D68FA2242314BA5C00B5A909 /* Item.swift */,
				D68FA22A2314E54D00B5A909 /* Posts.swift */,
				D68FA24623175BD800B5A909 /* PostResponse.swift */,
				D68FA22C2314E56100B5A909 /* Post.swift */,
				D68FA22E2314E5CC00B5A909 /* Images.swift */,
				D68FA24823175BF300B5A909 /* ImageResponse.swift */,
				D68FA2302314E5DE00B5A909 /* Image.swift */,
			);
			path = Models;
			sourceTree = "<group>";
		};
		D68FA23F231623A900B5A909 /* Model Controllers */ = {
			isa = PBXGroup;
			children = (
				D68FA240231623CA00B5A909 /* TripTableViewCellDelegate.swift */,
			);
			path = "Model Controllers";
			sourceTree = "<group>";
		};
		D6AFBA24230F73E200C86174 /* Networking */ = {
			isa = PBXGroup;
			children = (
				D6AFBA25230F773900C86174 /* BucketListClient.swift */,
			);
			path = Networking;
			sourceTree = "<group>";
		};
/* End PBXGroup section */

/* Begin PBXNativeTarget section */
		D67D9A0C230CF5A900DF9C0C /* LambdaBucketList */ = {
			isa = PBXNativeTarget;
			buildConfigurationList = D67D9A1F230CF5AA00DF9C0C /* Build configuration list for PBXNativeTarget "LambdaBucketList" */;
			buildPhases = (
				D67D9A09230CF5A900DF9C0C /* Sources */,
				D67D9A0A230CF5A900DF9C0C /* Frameworks */,
				D67D9A0B230CF5A900DF9C0C /* Resources */,
			);
			buildRules = (
			);
			dependencies = (
			);
			name = LambdaBucketList;
			productName = "Bucket List";
			productReference = D67D9A0D230CF5A900DF9C0C /* LambdaBucketList.app */;
			productType = "com.apple.product-type.application";
		};
/* End PBXNativeTarget section */

/* Begin PBXProject section */
		D67D9A05230CF5A900DF9C0C /* Project object */ = {
			isa = PBXProject;
			attributes = {
				LastSwiftUpdateCheck = 1030;
				LastUpgradeCheck = 1030;
				ORGANIZATIONNAME = "Michael Stoffer";
				TargetAttributes = {
					D67D9A0C230CF5A900DF9C0C = {
						CreatedOnToolsVersion = 10.3;
					};
				};
			};
			buildConfigurationList = D67D9A08230CF5A900DF9C0C /* Build configuration list for PBXProject "LambdaBucketList" */;
			compatibilityVersion = "Xcode 9.3";
			developmentRegion = en;
			hasScannedForEncodings = 0;
			knownRegions = (
				en,
				Base,
			);
			mainGroup = D67D9A04230CF5A900DF9C0C;
			productRefGroup = D67D9A0E230CF5A900DF9C0C /* Products */;
			projectDirPath = "";
			projectRoot = "";
			targets = (
				D67D9A0C230CF5A900DF9C0C /* LambdaBucketList */,
			);
		};
/* End PBXProject section */

/* Begin PBXResourcesBuildPhase section */
		D67D9A0B230CF5A900DF9C0C /* Resources */ = {
			isa = PBXResourcesBuildPhase;
			buildActionMask = 2147483647;
			files = (
				D68FA23A23161B3200B5A909 /* PostImages.storyboard in Resources */,
				D6AFBA382311B4A900C86174 /* SignIn.storyboard in Resources */,
				D67D9A1B230CF5AA00DF9C0C /* LaunchScreen.storyboard in Resources */,
				D68FA24B23175E8900B5A909 /* SourceSansPro-Regular.ttf in Resources */,
				D67D9A18230CF5AA00DF9C0C /* Assets.xcassets in Resources */,
				D67D9A16230CF5A900DF9C0C /* Main.storyboard in Resources */,
				D6AFBA3A2311B4C300C86174 /* SignUp.storyboard in Resources */,
				D68FA23C23161B7E00B5A909 /* BucketListPosts.storyboard in Resources */,
			);
			runOnlyForDeploymentPostprocessing = 0;
		};
/* End PBXResourcesBuildPhase section */

/* Begin PBXSourcesBuildPhase section */
		D67D9A09230CF5A900DF9C0C /* Sources */ = {
			isa = PBXSourcesBuildPhase;
			buildActionMask = 2147483647;
			files = (
				37A04E97230F92B200B5C6EA /* SignInViewController.swift in Sources */,
				D68FA24723175BD800B5A909 /* PostResponse.swift in Sources */,
				D68FA23323161A9700B5A909 /* BucketListTableViewController.swift in Sources */,
				D68FA22B2314E54D00B5A909 /* Posts.swift in Sources */,
				D68FA24923175BF300B5A909 /* ImageResponse.swift in Sources */,
				37A04E99230F92C300B5C6EA /* SignUpViewController.swift in Sources */,
				D6AFBA31230F87BE00C86174 /* Token.swift in Sources */,
				D68FA241231623CA00B5A909 /* TripTableViewCellDelegate.swift in Sources */,
				D6AFBA26230F773900C86174 /* BucketListClient.swift in Sources */,
				D68FA23723161B0B00B5A909 /* PostImagesCollectionViewController.swift in Sources */,
				D68FA23E2316213200B5A909 /* TripTableViewCell.swift in Sources */,
				D68FA2272314E4BB00B5A909 /* Users.swift in Sources */,
				D68FA2292314E4F600B5A909 /* Items.swift in Sources */,
				D68FA22D2314E56100B5A909 /* Post.swift in Sources */,
				D68FA2252314BA5C00B5A909 /* Item.swift in Sources */,
				D68FA24323175B8C00B5A909 /* UserResponse.swift in Sources */,
				D68FA2312314E5DE00B5A909 /* Image.swift in Sources */,
				D61219D823177F21009D7BED /* AppearanceHelper.swift in Sources */,
				D6AFBA33230F8D3600C86174 /* User.swift in Sources */,
				D68FA22F2314E5CC00B5A909 /* Images.swift in Sources */,
				D68FA23523161AD900B5A909 /* BucketListPostTableViewController.swift in Sources */,
				D67D9A11230CF5A900DF9C0C /* AppDelegate.swift in Sources */,
				D68FA24523175BB600B5A909 /* ItemResponse.swift in Sources */,
			);
			runOnlyForDeploymentPostprocessing = 0;
		};
/* End PBXSourcesBuildPhase section */

/* Begin PBXVariantGroup section */
		D67D9A14230CF5A900DF9C0C /* Main.storyboard */ = {
			isa = PBXVariantGroup;
			children = (
				D67D9A15230CF5A900DF9C0C /* Base */,
			);
			name = Main.storyboard;
			sourceTree = "<group>";
		};
		D67D9A19230CF5AA00DF9C0C /* LaunchScreen.storyboard */ = {
			isa = PBXVariantGroup;
			children = (
				D67D9A1A230CF5AA00DF9C0C /* Base */,
			);
			name = LaunchScreen.storyboard;
			sourceTree = "<group>";
		};
		D68FA23823161B3200B5A909 /* PostImages.storyboard */ = {
			isa = PBXVariantGroup;
			children = (
				D68FA23923161B3200B5A909 /* Base */,
			);
			name = PostImages.storyboard;
			sourceTree = "<group>";
		};
		D6AFBA362311B4A900C86174 /* SignIn.storyboard */ = {
			isa = PBXVariantGroup;
			children = (
				D6AFBA372311B4A900C86174 /* Base */,
			);
			name = SignIn.storyboard;
			sourceTree = "<group>";
		};
/* End PBXVariantGroup section */

/* Begin XCBuildConfiguration section */
		D67D9A1D230CF5AA00DF9C0C /* Debug */ = {
			isa = XCBuildConfiguration;
			buildSettings = {
				ALWAYS_SEARCH_USER_PATHS = NO;
				CLANG_ANALYZER_NONNULL = YES;
				CLANG_ANALYZER_NUMBER_OBJECT_CONVERSION = YES_AGGRESSIVE;
				CLANG_CXX_LANGUAGE_STANDARD = "gnu++14";
				CLANG_CXX_LIBRARY = "libc++";
				CLANG_ENABLE_MODULES = YES;
				CLANG_ENABLE_OBJC_ARC = YES;
				CLANG_ENABLE_OBJC_WEAK = YES;
				CLANG_WARN_BLOCK_CAPTURE_AUTORELEASING = YES;
				CLANG_WARN_BOOL_CONVERSION = YES;
				CLANG_WARN_COMMA = YES;
				CLANG_WARN_CONSTANT_CONVERSION = YES;
				CLANG_WARN_DEPRECATED_OBJC_IMPLEMENTATIONS = YES;
				CLANG_WARN_DIRECT_OBJC_ISA_USAGE = YES_ERROR;
				CLANG_WARN_DOCUMENTATION_COMMENTS = YES;
				CLANG_WARN_EMPTY_BODY = YES;
				CLANG_WARN_ENUM_CONVERSION = YES;
				CLANG_WARN_INFINITE_RECURSION = YES;
				CLANG_WARN_INT_CONVERSION = YES;
				CLANG_WARN_NON_LITERAL_NULL_CONVERSION = YES;
				CLANG_WARN_OBJC_IMPLICIT_RETAIN_SELF = YES;
				CLANG_WARN_OBJC_LITERAL_CONVERSION = YES;
				CLANG_WARN_OBJC_ROOT_CLASS = YES_ERROR;
				CLANG_WARN_RANGE_LOOP_ANALYSIS = YES;
				CLANG_WARN_STRICT_PROTOTYPES = YES;
				CLANG_WARN_SUSPICIOUS_MOVE = YES;
				CLANG_WARN_UNGUARDED_AVAILABILITY = YES_AGGRESSIVE;
				CLANG_WARN_UNREACHABLE_CODE = YES;
				CLANG_WARN__DUPLICATE_METHOD_MATCH = YES;
				CODE_SIGN_IDENTITY = "iPhone Developer";
				COPY_PHASE_STRIP = NO;
				DEBUG_INFORMATION_FORMAT = dwarf;
				ENABLE_STRICT_OBJC_MSGSEND = YES;
				ENABLE_TESTABILITY = YES;
				GCC_C_LANGUAGE_STANDARD = gnu11;
				GCC_DYNAMIC_NO_PIC = NO;
				GCC_NO_COMMON_BLOCKS = YES;
				GCC_OPTIMIZATION_LEVEL = 0;
				GCC_PREPROCESSOR_DEFINITIONS = (
					"DEBUG=1",
					"$(inherited)",
				);
				GCC_WARN_64_TO_32_BIT_CONVERSION = YES;
				GCC_WARN_ABOUT_RETURN_TYPE = YES_ERROR;
				GCC_WARN_UNDECLARED_SELECTOR = YES;
				GCC_WARN_UNINITIALIZED_AUTOS = YES_AGGRESSIVE;
				GCC_WARN_UNUSED_FUNCTION = YES;
				GCC_WARN_UNUSED_VARIABLE = YES;
				IPHONEOS_DEPLOYMENT_TARGET = 12.4;
				MTL_ENABLE_DEBUG_INFO = INCLUDE_SOURCE;
				MTL_FAST_MATH = YES;
				ONLY_ACTIVE_ARCH = YES;
				SDKROOT = iphoneos;
				SWIFT_ACTIVE_COMPILATION_CONDITIONS = DEBUG;
				SWIFT_OPTIMIZATION_LEVEL = "-Onone";
			};
			name = Debug;
		};
		D67D9A1E230CF5AA00DF9C0C /* Release */ = {
			isa = XCBuildConfiguration;
			buildSettings = {
				ALWAYS_SEARCH_USER_PATHS = NO;
				CLANG_ANALYZER_NONNULL = YES;
				CLANG_ANALYZER_NUMBER_OBJECT_CONVERSION = YES_AGGRESSIVE;
				CLANG_CXX_LANGUAGE_STANDARD = "gnu++14";
				CLANG_CXX_LIBRARY = "libc++";
				CLANG_ENABLE_MODULES = YES;
				CLANG_ENABLE_OBJC_ARC = YES;
				CLANG_ENABLE_OBJC_WEAK = YES;
				CLANG_WARN_BLOCK_CAPTURE_AUTORELEASING = YES;
				CLANG_WARN_BOOL_CONVERSION = YES;
				CLANG_WARN_COMMA = YES;
				CLANG_WARN_CONSTANT_CONVERSION = YES;
				CLANG_WARN_DEPRECATED_OBJC_IMPLEMENTATIONS = YES;
				CLANG_WARN_DIRECT_OBJC_ISA_USAGE = YES_ERROR;
				CLANG_WARN_DOCUMENTATION_COMMENTS = YES;
				CLANG_WARN_EMPTY_BODY = YES;
				CLANG_WARN_ENUM_CONVERSION = YES;
				CLANG_WARN_INFINITE_RECURSION = YES;
				CLANG_WARN_INT_CONVERSION = YES;
				CLANG_WARN_NON_LITERAL_NULL_CONVERSION = YES;
				CLANG_WARN_OBJC_IMPLICIT_RETAIN_SELF = YES;
				CLANG_WARN_OBJC_LITERAL_CONVERSION = YES;
				CLANG_WARN_OBJC_ROOT_CLASS = YES_ERROR;
				CLANG_WARN_RANGE_LOOP_ANALYSIS = YES;
				CLANG_WARN_STRICT_PROTOTYPES = YES;
				CLANG_WARN_SUSPICIOUS_MOVE = YES;
				CLANG_WARN_UNGUARDED_AVAILABILITY = YES_AGGRESSIVE;
				CLANG_WARN_UNREACHABLE_CODE = YES;
				CLANG_WARN__DUPLICATE_METHOD_MATCH = YES;
				CODE_SIGN_IDENTITY = "iPhone Developer";
				COPY_PHASE_STRIP = NO;
				DEBUG_INFORMATION_FORMAT = "dwarf-with-dsym";
				ENABLE_NS_ASSERTIONS = NO;
				ENABLE_STRICT_OBJC_MSGSEND = YES;
				GCC_C_LANGUAGE_STANDARD = gnu11;
				GCC_NO_COMMON_BLOCKS = YES;
				GCC_WARN_64_TO_32_BIT_CONVERSION = YES;
				GCC_WARN_ABOUT_RETURN_TYPE = YES_ERROR;
				GCC_WARN_UNDECLARED_SELECTOR = YES;
				GCC_WARN_UNINITIALIZED_AUTOS = YES_AGGRESSIVE;
				GCC_WARN_UNUSED_FUNCTION = YES;
				GCC_WARN_UNUSED_VARIABLE = YES;
				IPHONEOS_DEPLOYMENT_TARGET = 12.4;
				MTL_ENABLE_DEBUG_INFO = NO;
				MTL_FAST_MATH = YES;
				SDKROOT = iphoneos;
				SWIFT_COMPILATION_MODE = wholemodule;
				SWIFT_OPTIMIZATION_LEVEL = "-O";
				VALIDATE_PRODUCT = YES;
			};
			name = Release;
		};
		D67D9A20230CF5AA00DF9C0C /* Debug */ = {
			isa = XCBuildConfiguration;
			buildSettings = {
				ASSETCATALOG_COMPILER_APPICON_NAME = AppIcon;
				CODE_SIGN_STYLE = Automatic;
				DEVELOPMENT_TEAM = 3XVDLP5XYQ;
				INFOPLIST_FILE = "$(SRCROOT)/Bucket List/Resources/Info.plist";
				LD_RUNPATH_SEARCH_PATHS = (
					"$(inherited)",
					"@executable_path/Frameworks",
				);
				PRODUCT_BUNDLE_IDENTIFIER = "com.michaelstoffer.Bucket-List";
				PRODUCT_NAME = "$(TARGET_NAME)";
				SWIFT_VERSION = 5.0;
				TARGETED_DEVICE_FAMILY = "1,2";
			};
			name = Debug;
		};
		D67D9A21230CF5AA00DF9C0C /* Release */ = {
			isa = XCBuildConfiguration;
			buildSettings = {
				ASSETCATALOG_COMPILER_APPICON_NAME = AppIcon;
				CODE_SIGN_STYLE = Automatic;
				DEVELOPMENT_TEAM = 3XVDLP5XYQ;
				INFOPLIST_FILE = "$(SRCROOT)/Bucket List/Resources/Info.plist";
				LD_RUNPATH_SEARCH_PATHS = (
					"$(inherited)",
					"@executable_path/Frameworks",
				);
				PRODUCT_BUNDLE_IDENTIFIER = "com.michaelstoffer.Bucket-List";
				PRODUCT_NAME = "$(TARGET_NAME)";
				SWIFT_VERSION = 5.0;
				TARGETED_DEVICE_FAMILY = "1,2";
			};
			name = Release;
		};
/* End XCBuildConfiguration section */

/* Begin XCConfigurationList section */
		D67D9A08230CF5A900DF9C0C /* Build configuration list for PBXProject "LambdaBucketList" */ = {
			isa = XCConfigurationList;
			buildConfigurations = (
				D67D9A1D230CF5AA00DF9C0C /* Debug */,
				D67D9A1E230CF5AA00DF9C0C /* Release */,
			);
			defaultConfigurationIsVisible = 0;
			defaultConfigurationName = Release;
		};
		D67D9A1F230CF5AA00DF9C0C /* Build configuration list for PBXNativeTarget "LambdaBucketList" */ = {
			isa = XCConfigurationList;
			buildConfigurations = (
				D67D9A20230CF5AA00DF9C0C /* Debug */,
				D67D9A21230CF5AA00DF9C0C /* Release */,
			);
			defaultConfigurationIsVisible = 0;
			defaultConfigurationName = Release;
		};
/* End XCConfigurationList section */
	};
	rootObject = D67D9A05230CF5A900DF9C0C /* Project object */;
}
